// !$*UTF8*$!
{
	archiveVersion = 1;
	classes = {
	};
	objectVersion = 46;
	objects = {

/* Begin PBXBuildFile section */
		90784D0E1E8E72DB00F6E9D6 /* main.m in Sources */ = {isa = PBXBuildFile; fileRef = 90784D0D1E8E72DB00F6E9D6 /* main.m */; };
		90D5D9DF1E8F634000E4536D /* ZRCryptographyOC.m in Sources */ = {isa = PBXBuildFile; fileRef = 90D5D9DE1E8F634000E4536D /* ZRCryptographyOC.m */; };
/* End PBXBuildFile section */

/* Begin PBXCopyFilesBuildPhase section */
		90784D081E8E72DB00F6E9D6 /* CopyFiles */ = {
			isa = PBXCopyFilesBuildPhase;
			buildActionMask = 2147483647;
			dstPath = /usr/share/man/man1/;
			dstSubfolderSpec = 0;
			files = (
			);
			runOnlyForDeploymentPostprocessing = 1;
		};
/* End PBXCopyFilesBuildPhase section */

/* Begin PBXFileReference section */
		90784D0A1E8E72DB00F6E9D6 /* ZRCryptographyOC */ = {isa = PBXFileReference; explicitFileType = "compiled.mach-o.executable"; includeInIndex = 0; path = ZRCryptographyOC; sourceTree = BUILT_PRODUCTS_DIR; };
		90784D0D1E8E72DB00F6E9D6 /* main.m */ = {isa = PBXFileReference; lastKnownFileType = sourcecode.c.objc; path = main.m; sourceTree = "<group>"; };
		90D5D9DD1E8F634000E4536D /* ZRCryptographyOC.h */ = {isa = PBXFileReference; fileEncoding = 4; lastKnownFileType = sourcecode.c.h; path = ZRCryptographyOC.h; sourceTree = "<group>"; };
		90D5D9DE1E8F634000E4536D /* ZRCryptographyOC.m */ = {isa = PBXFileReference; fileEncoding = 4; lastKnownFileType = sourcecode.c.objc; path = ZRCryptographyOC.m; sourceTree = "<group>"; };
/* End PBXFileReference section */

/* Begin PBXFrameworksBuildPhase section */
		90784D071E8E72DB00F6E9D6 /* Frameworks */ = {
			isa = PBXFrameworksBuildPhase;
			buildActionMask = 2147483647;
			files = (
			);
			runOnlyForDeploymentPostprocessing = 0;
		};
/* End PBXFrameworksBuildPhase section */

/* Begin PBXGroup section */
		90784D011E8E72DB00F6E9D6 = {
			isa = PBXGroup;
			children = (
				90784D0C1E8E72DB00F6E9D6 /* ZRCryptographyOC */,
				90784D0B1E8E72DB00F6E9D6 /* Products */,
			);
			sourceTree = "<group>";
		};
		90784D0B1E8E72DB00F6E9D6 /* Products */ = {
			isa = PBXGroup;
			children = (
				90784D0A1E8E72DB00F6E9D6 /* ZRCryptographyOC */,
			);
			name = Products;
			sourceTree = "<group>";
		};
		90784D0C1E8E72DB00F6E9D6 /* ZRCryptographyOC */ = {
			isa = PBXGroup;
			children = (
				90D5D9DC1E8F634000E4536D /* Classes */,
				90784D0D1E8E72DB00F6E9D6 /* main.m */,
			);
			path = ZRCryptographyOC;
			sourceTree = "<group>";
		};
		90D5D9DC1E8F634000E4536D /* Classes */ = {
			isa = PBXGroup;
			children = (
				90D5D9DD1E8F634000E4536D /* ZRCryptographyOC.h */,
				90D5D9DE1E8F634000E4536D /* ZRCryptographyOC.m */,
			);
			path = Classes;
			sourceTree = "<group>";
		};
/* End PBXGroup section */

/* Begin PBXNativeTarget section */
		90784D091E8E72DB00F6E9D6 /* ZRCryptographyOC */ = {
			isa = PBXNativeTarget;
			buildConfigurationList = 90784D111E8E72DB00F6E9D6 /* Build configuration list for PBXNativeTarget "ZRCryptographyOC" */;
			buildPhases = (
				90784D061E8E72DB00F6E9D6 /* Sources */,
				90784D071E8E72DB00F6E9D6 /* Frameworks */,
				90784D081E8E72DB00F6E9D6 /* CopyFiles */,
			);
			buildRules = (
			);
			dependencies = (
			);
			name = ZRCryptographyOC;
			productName = ZRCryptographyOC;
			productReference = 90784D0A1E8E72DB00F6E9D6 /* ZRCryptographyOC */;
			productType = "com.apple.product-type.tool";
		};
/* End PBXNativeTarget section */

/* Begin PBXProject section */
		90784D021E8E72DB00F6E9D6 /* Project object */ = {
			isa = PBXProject;
			attributes = {
				LastUpgradeCheck = 0830;
				ORGANIZATIONNAME = "Victor Studio.";
				TargetAttributes = {
					90784D091E8E72DB00F6E9D6 = {
						CreatedOnToolsVersion = 8.3;
						DevelopmentTeam = B873AZ7BS6;
						ProvisioningStyle = Automatic;
					};
				};
			};
			buildConfigurationList = 90784D051E8E72DB00F6E9D6 /* Build configuration list for PBXProject "ZRCryptographyOC" */;
			compatibilityVersion = "Xcode 3.2";
			developmentRegion = English;
			hasScannedForEncodings = 0;
			knownRegions = (
				en,
			);
			mainGroup = 90784D011E8E72DB00F6E9D6;
			productRefGroup = 90784D0B1E8E72DB00F6E9D6 /* Products */;
			projectDirPath = "";
			projectRoot = "";
			targets = (
				90784D091E8E72DB00F6E9D6 /* ZRCryptographyOC */,
			);
		};
/* End PBXProject section */

/* Begin PBXSourcesBuildPhase section */
		90784D061E8E72DB00F6E9D6 /* Sources */ = {
			isa = PBXSourcesBuildPhase;
			buildActionMask = 2147483647;
			files = (
				90784D0E1E8E72DB00F6E9D6 /* main.m in Sources */,
				90D5D9DF1E8F634000E4536D /* ZRCryptographyOC.m in Sources */,
			);
			runOnlyForDeploymentPostprocessing = 0;
		};
/* End PBXSourcesBuildPhase section */

/* Begin XCBuildConfiguration section */
		90784D0F1E8E72DB00F6E9D6 /* Debug */ = {
			isa = XCBuildConfiguration;
			buildSettings = {
				ALWAYS_SEARCH_USER_PATHS = NO;
				CLANG_ANALYZER_NONNULL = YES;
				CLANG_ANALYZER_NUMBER_OBJECT_CONVERSION = YES_AGGRESSIVE;
				CLANG_CXX_LANGUAGE_STANDARD = "gnu++0x";
				CLANG_CXX_LIBRARY = "libc++";
				CLANG_ENABLE_MODULES = YES;
				CLANG_ENABLE_OBJC_ARC = YES;
				CLANG_WARN_BOOL_CONVERSION = YES;
				CLANG_WARN_CONSTANT_CONVERSION = YES;
				CLANG_WARN_DIRECT_OBJC_ISA_USAGE = YES_ERROR;
				CLANG_WARN_DOCUMENTATION_COMMENTS = YES;
				CLANG_WARN_EMPTY_BODY = YES;
				CLANG_WARN_ENUM_CONVERSION = YES;
				CLANG_WARN_INFINITE_RECURSION = YES;
				CLANG_WARN_INT_CONVERSION = YES;
				CLANG_WARN_OBJC_ROOT_CLASS = YES_ERROR;
				CLANG_WARN_SUSPICIOUS_MOVE = YES;
				CLANG_WARN_UNREACHABLE_CODE = YES;
				CLANG_WARN__DUPLICATE_METHOD_MATCH = YES;
				CODE_SIGN_IDENTITY = "-";
				COPY_PHASE_STRIP = NO;
				DEBUG_INFORMATION_FORMAT = dwarf;
				ENABLE_STRICT_OBJC_MSGSEND = YES;
				ENABLE_TESTABILITY = YES;
				GCC_C_LANGUAGE_STANDARD = gnu99;
				GCC_DYNAMIC_NO_PIC = NO;
				GCC_NO_COMMON_BLOCKS = YES;
				GCC_OPTIMIZATION_LEVEL = 0;
				GCC_PREPROCESSOR_DEFINITIONS = (
					"DEBUG=1",
					"$(inherited)",
				);
				GCC_WARN_64_TO_32_BIT_CONVERSION = YES;
				GCC_WARN_ABOUT_RETURN_TYPE = YES_ERROR;
				GCC_WARN_UNDECLARED_SELECTOR = YES;
				GCC_WARN_UNINITIALIZED_AUTOS = YES_AGGRESSIVE;
				GCC_WARN_UNUSED_FUNCTION = YES;
				GCC_WARN_UNUSED_VARIABLE = YES;
				MACOSX_DEPLOYMENT_TARGET = 10.12;
				MTL_ENABLE_DEBUG_INFO = YES;
				ONLY_ACTIVE_ARCH = YES;
				SDKROOT = macosx;
			};
			name = Debug;
		};
		90784D101E8E72DB00F6E9D6 /* Release */ = {
			isa = XCBuildConfiguration;
			buildSettings = {
				ALWAYS_SEARCH_USER_PATHS = NO;
				CLANG_ANALYZER_NONNULL = YES;
				CLANG_ANALYZER_NUMBER_OBJECT_CONVERSION = YES_AGGRESSIVE;
				CLANG_CXX_LANGUAGE_STANDARD = "gnu++0x";
				CLANG_CXX_LIBRARY = "libc++";
				CLANG_ENABLE_MODULES = YES;
				CLANG_ENABLE_OBJC_ARC = YES;
				CLANG_WARN_BOOL_CONVERSION = YES;
				CLANG_WARN_CONSTANT_CONVERSION = YES;
				CLANG_WARN_DIRECT_OBJC_ISA_USAGE = YES_ERROR;
				CLANG_WARN_DOCUMENTATION_COMMENTS = YES;
				CLANG_WARN_EMPTY_BODY = YES;
				CLANG_WARN_ENUM_CONVERSION = YES;
				CLANG_WARN_INFINITE_RECURSION = YES;
				CLANG_WARN_INT_CONVERSION = YES;
				CLANG_WARN_OBJC_ROOT_CLASS = YES_ERROR;
				CLANG_WARN_SUSPICIOUS_MOVE = YES;
				CLANG_WARN_UNREACHABLE_CODE = YES;
				CLANG_WARN__DUPLICATE_METHOD_MATCH = YES;
				CODE_SIGN_IDENTITY = "-";
				COPY_PHASE_STRIP = NO;
				DEBUG_INFORMATION_FORMAT = "dwarf-with-dsym";
				ENABLE_NS_ASSERTIONS = NO;
				ENABLE_STRICT_OBJC_MSGSEND = YES;
				GCC_C_LANGUAGE_STANDARD = gnu99;
				GCC_NO_COMMON_BLOCKS = YES;
				GCC_WARN_64_TO_32_BIT_CONVERSION = YES;
				GCC_WARN_ABOUT_RETURN_TYPE = YES_ERROR;
				GCC_WARN_UNDECLARED_SELECTOR = YES;
				GCC_WARN_UNINITIALIZED_AUTOS = YES_AGGRESSIVE;
				GCC_WARN_UNUSED_FUNCTION = YES;
				GCC_WARN_UNUSED_VARIABLE = YES;
				MACOSX_DEPLOYMENT_TARGET = 10.12;
				MTL_ENABLE_DEBUG_INFO = NO;
				SDKROOT = macosx;
			};
			name = Release;
		};
		90784D121E8E72DB00F6E9D6 /* Debug */ = {
			isa = XCBuildConfiguration;
			buildSettings = {
				DEVELOPMENT_TEAM = B873AZ7BS6;
				PRODUCT_NAME = "$(TARGET_NAME)";
			};
			name = Debug;
		};
		90784D131E8E72DB00F6E9D6 /* Release */ = {
			isa = XCBuildConfiguration;
			buildSettings = {
				DEVELOPMENT_TEAM = B873AZ7BS6;
				PRODUCT_NAME = "$(TARGET_NAME)";
			};
			name = Release;
		};
/* End XCBuildConfiguration section */

/* Begin XCConfigurationList section */
		90784D051E8E72DB00F6E9D6 /* Build configuration list for PBXProject "ZRCryptographyOC" */ = {
			isa = XCConfigurationList;
			buildConfigurations = (
				90784D0F1E8E72DB00F6E9D6 /* Debug */,
				90784D101E8E72DB00F6E9D6 /* Release */,
			);
			defaultConfigurationIsVisible = 0;
			defaultConfigurationName = Release;
		};
		90784D111E8E72DB00F6E9D6 /* Build configuration list for PBXNativeTarget "ZRCryptographyOC" */ = {
			isa = XCConfigurationList;
			buildConfigurations = (
				90784D121E8E72DB00F6E9D6 /* Debug */,
				90784D131E8E72DB00F6E9D6 /* Release */,
			);
			defaultConfigurationIsVisible = 0;
			defaultConfigurationName = Release;
		};
/* End XCConfigurationList section */
	};
	rootObject = 90784D021E8E72DB00F6E9D6 /* Project object */;
}
